
Microsoft Visual Studio Solution File, Format Version 12.00
# Visual Studio Version 17
VisualStudioVersion = 17.3.32929.385
MinimumVisualStudioVersion = 10.0.40219.1
Project("{FAE04EC0-301F-11D3-BF4B-00C04F79EFBC}") = "JogoDaForca", "JogoDaForca.csproj", "{0BCEB753-2A7C-4567-859F-E0CC7564B0C4}"
EndProject
Global
	GlobalSection(SolutionConfigurationPlatforms) = preSolution
		Debug|Any CPU = Debug|Any CPU
		Release|Any CPU = Release|Any CPU
	EndGlobalSection
	GlobalSection(ProjectConfigurationPlatforms) = postSolution
		{0BCEB753-2A7C-4567-859F-E0CC7564B0C4}.Debug|Any CPU.ActiveCfg = Debug|Any CPU
		{0BCEB753-2A7C-4567-859F-E0CC7564B0C4}.Debug|Any CPU.Build.0 = Debug|Any CPU
		{0BCEB753-2A7C-4567-859F-E0CC7564B0C4}.Release|Any CPU.ActiveCfg = Release|Any CPU
		{0BCEB753-2A7C-4567-859F-E0CC7564B0C4}.Release|Any CPU.Build.0 = Release|Any CPU
	EndGlobalSection
	GlobalSection(SolutionProperties) = preSolution
		HideSolutionNode = FALSE
	EndGlobalSection
	GlobalSection(ExtensibilityGlobals) = postSolution
		SolutionGuid = {905EDDCE-2C1D-4893-A0A2-0D6BE6B09722}
	EndGlobalSection
EndGlobal
